
Microsoft Visual Studio Solution File, Format Version 12.00
# Visual Studio Version 17
VisualStudioVersion = 17.5.002.0
MinimumVisualStudioVersion = 10.0.40219.1
Project("{9A19103F-16F7-4668-BE54-9A1E7A4F7556}") = "04_Fucao_While", "04_Fucao_While.csproj", "{F5266118-6ACB-4CD4-9DDA-98FA2714981D}"
EndProject
Global
	GlobalSection(SolutionConfigurationPlatforms) = preSolution
		Debug|Any CPU = Debug|Any CPU
		Release|Any CPU = Release|Any CPU
	EndGlobalSection
	GlobalSection(ProjectConfigurationPlatforms) = postSolution
		{F5266118-6ACB-4CD4-9DDA-98FA2714981D}.Debug|Any CPU.ActiveCfg = Debug|Any CPU
		{F5266118-6ACB-4CD4-9DDA-98FA2714981D}.Debug|Any CPU.Build.0 = Debug|Any CPU
		{F5266118-6ACB-4CD4-9DDA-98FA2714981D}.Release|Any CPU.ActiveCfg = Release|Any CPU
		{F5266118-6ACB-4CD4-9DDA-98FA2714981D}.Release|Any CPU.Build.0 = Release|Any CPU
	EndGlobalSection
	GlobalSection(SolutionProperties) = preSolution
		HideSolutionNode = FALSE
	EndGlobalSection
	GlobalSection(ExtensibilityGlobals) = postSolution
		SolutionGuid = {B28698F6-DAB7-47FE-939A-B2196F380447}
	EndGlobalSection
EndGlobal
